
Microsoft Visual Studio Solution File, Format Version 12.00
# Visual Studio 15
VisualStudioVersion = 15.0.27130.2026
MinimumVisualStudioVersion = 10.0.40219.1
Project("{FAE04EC0-301F-11D3-BF4B-00C04F79EFBC}") = "MiPrimerProyectoDeConsola", "MiPrimerProyectoDeConsola\MiPrimerProyectoDeConsola.csproj", "{0B1D1BF6-9165-48DE-A5F1-F07E21D33340}"
EndProject
Project("{FAE04EC0-301F-11D3-BF4B-00C04F79EFBC}") = "Universidad", "Universidad\Universidad.csproj", "{AE2B6804-735B-417B-A27D-ECBECDD6173E}"
EndProject
Global
	GlobalSection(SolutionConfigurationPlatforms) = preSolution
		Debug|Any CPU = Debug|Any CPU
		Release|Any CPU = Release|Any CPU
	EndGlobalSection
	GlobalSection(ProjectConfigurationPlatforms) = postSolution
		{0B1D1BF6-9165-48DE-A5F1-F07E21D33340}.Debug|Any CPU.ActiveCfg = Debug|Any CPU
		{0B1D1BF6-9165-48DE-A5F1-F07E21D33340}.Debug|Any CPU.Build.0 = Debug|Any CPU
		{0B1D1BF6-9165-48DE-A5F1-F07E21D33340}.Release|Any CPU.ActiveCfg = Release|Any CPU
		{0B1D1BF6-9165-48DE-A5F1-F07E21D33340}.Release|Any CPU.Build.0 = Release|Any CPU
		{AE2B6804-735B-417B-A27D-ECBECDD6173E}.Debug|Any CPU.ActiveCfg = Debug|Any CPU
		{AE2B6804-735B-417B-A27D-ECBECDD6173E}.Debug|Any CPU.Build.0 = Debug|Any CPU
		{AE2B6804-735B-417B-A27D-ECBECDD6173E}.Release|Any CPU.ActiveCfg = Release|Any CPU
		{AE2B6804-735B-417B-A27D-ECBECDD6173E}.Release|Any CPU.Build.0 = Release|Any CPU
	EndGlobalSection
	GlobalSection(SolutionProperties) = preSolution
		HideSolutionNode = FALSE
	EndGlobalSection
	GlobalSection(ExtensibilityGlobals) = postSolution
		SolutionGuid = {3787CD80-B0F5-49FA-967B-C550C5F5AB3E}
	EndGlobalSection
EndGlobal
